// !$*UTF8*$!
{
	archiveVersion = 1;
	classes = {
	};
	objectVersion = 46;
	objects = {

/* Begin PBXBuildFile section */
		7D054D921D844253009D0232 /* Contact.swift in Sources */ = {isa = PBXBuildFile; fileRef = 7D054D911D844253009D0232 /* Contact.swift */; };
		7D06DE2B1D83BD860043DEEE /* AppDelegate.swift in Sources */ = {isa = PBXBuildFile; fileRef = 7D06DE2A1D83BD860043DEEE /* AppDelegate.swift */; };
		7D06DE2D1D83BD860043DEEE /* ViewController.swift in Sources */ = {isa = PBXBuildFile; fileRef = 7D06DE2C1D83BD860043DEEE /* ViewController.swift */; };
		7D06DE301D83BD860043DEEE /* Main.storyboard in Resources */ = {isa = PBXBuildFile; fileRef = 7D06DE2E1D83BD860043DEEE /* Main.storyboard */; };
		7D06DE331D83BD860043DEEE /* Contact_Information_App.xcdatamodeld in Sources */ = {isa = PBXBuildFile; fileRef = 7D06DE311D83BD860043DEEE /* Contact_Information_App.xcdatamodeld */; };
		7D06DE351D83BD860043DEEE /* Assets.xcassets in Resources */ = {isa = PBXBuildFile; fileRef = 7D06DE341D83BD860043DEEE /* Assets.xcassets */; };
		7D06DE381D83BD860043DEEE /* LaunchScreen.storyboard in Resources */ = {isa = PBXBuildFile; fileRef = 7D06DE361D83BD860043DEEE /* LaunchScreen.storyboard */; };
/* End PBXBuildFile section */

/* Begin PBXFileReference section */
		7D054D911D844253009D0232 /* Contact.swift */ = {isa = PBXFileReference; fileEncoding = 4; lastKnownFileType = sourcecode.swift; path = Contact.swift; sourceTree = "<group>"; };
		7D06DE271D83BD860043DEEE /* Contact Information App.app */ = {isa = PBXFileReference; explicitFileType = wrapper.application; includeInIndex = 0; path = "Contact Information App.app"; sourceTree = BUILT_PRODUCTS_DIR; };
		7D06DE2A1D83BD860043DEEE /* AppDelegate.swift */ = {isa = PBXFileReference; lastKnownFileType = sourcecode.swift; path = AppDelegate.swift; sourceTree = "<group>"; };
		7D06DE2C1D83BD860043DEEE /* ViewController.swift */ = {isa = PBXFileReference; lastKnownFileType = sourcecode.swift; path = ViewController.swift; sourceTree = "<group>"; };
		7D06DE2F1D83BD860043DEEE /* Base */ = {isa = PBXFileReference; lastKnownFileType = file.storyboard; name = Base; path = Base.lproj/Main.storyboard; sourceTree = "<group>"; };
		7D06DE321D83BD860043DEEE /* Contact_Information_App.xcdatamodel */ = {isa = PBXFileReference; lastKnownFileType = wrapper.xcdatamodel; path = Contact_Information_App.xcdatamodel; sourceTree = "<group>"; };
		7D06DE341D83BD860043DEEE /* Assets.xcassets */ = {isa = PBXFileReference; lastKnownFileType = folder.assetcatalog; path = Assets.xcassets; sourceTree = "<group>"; };
		7D06DE371D83BD860043DEEE /* Base */ = {isa = PBXFileReference; lastKnownFileType = file.storyboard; name = Base; path = Base.lproj/LaunchScreen.storyboard; sourceTree = "<group>"; };
		7D06DE391D83BD860043DEEE /* Info.plist */ = {isa = PBXFileReference; lastKnownFileType = text.plist.xml; path = Info.plist; sourceTree = "<group>"; };
/* End PBXFileReference section */

/* Begin PBXFrameworksBuildPhase section */
		7D06DE241D83BD860043DEEE /* Frameworks */ = {
			isa = PBXFrameworksBuildPhase;
			buildActionMask = 2147483647;
			files = (
			);
			runOnlyForDeploymentPostprocessing = 0;
		};
/* End PBXFrameworksBuildPhase section */

/* Begin PBXGroup section */
		7D06DE1E1D83BD860043DEEE = {
			isa = PBXGroup;
			children = (
				7D06DE291D83BD860043DEEE /* Contact Information App */,
				7D06DE281D83BD860043DEEE /* Products */,
			);
			sourceTree = "<group>";
		};
		7D06DE281D83BD860043DEEE /* Products */ = {
			isa = PBXGroup;
			children = (
				7D06DE271D83BD860043DEEE /* Contact Information App.app */,
			);
			name = Products;
			sourceTree = "<group>";
		};
		7D06DE291D83BD860043DEEE /* Contact Information App */ = {
			isa = PBXGroup;
			children = (
				7D06DE2A1D83BD860043DEEE /* AppDelegate.swift */,
				7D06DE2C1D83BD860043DEEE /* ViewController.swift */,
				7D054D911D844253009D0232 /* Contact.swift */,
				7D06DE2E1D83BD860043DEEE /* Main.storyboard */,
				7D06DE341D83BD860043DEEE /* Assets.xcassets */,
				7D06DE361D83BD860043DEEE /* LaunchScreen.storyboard */,
				7D06DE391D83BD860043DEEE /* Info.plist */,
				7D06DE311D83BD860043DEEE /* Contact_Information_App.xcdatamodeld */,
			);
			path = "Contact Information App";
			sourceTree = "<group>";
		};
/* End PBXGroup section */

/* Begin PBXNativeTarget section */
		7D06DE261D83BD860043DEEE /* Contact Information App */ = {
			isa = PBXNativeTarget;
			buildConfigurationList = 7D06DE3C1D83BD860043DEEE /* Build configuration list for PBXNativeTarget "Contact Information App" */;
			buildPhases = (
				7D06DE231D83BD860043DEEE /* Sources */,
				7D06DE241D83BD860043DEEE /* Frameworks */,
				7D06DE251D83BD860043DEEE /* Resources */,
			);
			buildRules = (
			);
			dependencies = (
			);
			name = "Contact Information App";
			productName = "Contact Information App";
			productReference = 7D06DE271D83BD860043DEEE /* Contact Information App.app */;
			productType = "com.apple.product-type.application";
		};
/* End PBXNativeTarget section */

/* Begin PBXProject section */
		7D06DE1F1D83BD860043DEEE /* Project object */ = {
			isa = PBXProject;
			attributes = {
				LastSwiftUpdateCheck = 0730;
				LastUpgradeCheck = 0730;
				ORGANIZATIONNAME = Franklin;
				TargetAttributes = {
					7D06DE261D83BD860043DEEE = {
						CreatedOnToolsVersion = 7.3.1;
					};
				};
			};
			buildConfigurationList = 7D06DE221D83BD860043DEEE /* Build configuration list for PBXProject "Contact Information App" */;
			compatibilityVersion = "Xcode 3.2";
			developmentRegion = English;
			hasScannedForEncodings = 0;
			knownRegions = (
				en,
				Base,
			);
			mainGroup = 7D06DE1E1D83BD860043DEEE;
			productRefGroup = 7D06DE281D83BD860043DEEE /* Products */;
			projectDirPath = "";
			projectRoot = "";
			targets = (
				7D06DE261D83BD860043DEEE /* Contact Information App */,
			);
		};
/* End PBXProject section */

/* Begin PBXResourcesBuildPhase section */
		7D06DE251D83BD860043DEEE /* Resources */ = {
			isa = PBXResourcesBuildPhase;
			buildActionMask = 2147483647;
			files = (
				7D06DE381D83BD860043DEEE /* LaunchScreen.storyboard in Resources */,
				7D06DE351D83BD860043DEEE /* Assets.xcassets in Resources */,
				7D06DE301D83BD860043DEEE /* Main.storyboard in Resources */,
			);
			runOnlyForDeploymentPostprocessing = 0;
		};
/* End PBXResourcesBuildPhase section */

/* Begin PBXSourcesBuildPhase section */
		7D06DE231D83BD860043DEEE /* Sources */ = {
			isa = PBXSourcesBuildPhase;
			buildActionMask = 2147483647;
			files = (
				7D054D921D844253009D0232 /* Contact.swift in Sources */,
				7D06DE331D83BD860043DEEE /* Contact_Information_App.xcdatamodeld in Sources */,
				7D06DE2D1D83BD860043DEEE /* ViewController.swift in Sources */,
				7D06DE2B1D83BD860043DEEE /* AppDelegate.swift in Sources */,
			);
			runOnlyForDeploymentPostprocessing = 0;
		};
/* End PBXSourcesBuildPhase section */

/* Begin PBXVariantGroup section */
		7D06DE2E1D83BD860043DEEE /* Main.storyboard */ = {
			isa = PBXVariantGroup;
			children = (
				7D06DE2F1D83BD860043DEEE /* Base */,
			);
			name = Main.storyboard;
			sourceTree = "<group>";
		};
		7D06DE361D83BD860043DEEE /* LaunchScreen.storyboard */ = {
			isa = PBXVariantGroup;
			children = (
				7D06DE371D83BD860043DEEE /* Base */,
			);
			name = LaunchScreen.storyboard;
			sourceTree = "<group>";
		};
/* End PBXVariantGroup section */

/* Begin XCBuildConfiguration section */
		7D06DE3A1D83BD860043DEEE /* Debug */ = {
			isa = XCBuildConfiguration;
			buildSettings = {
				ALWAYS_SEARCH_USER_PATHS = NO;
				CLANG_ANALYZER_NONNULL = YES;
				CLANG_CXX_LANGUAGE_STANDARD = "gnu++0x";
				CLANG_CXX_LIBRARY = "libc++";
				CLANG_ENABLE_MODULES = YES;
				CLANG_ENABLE_OBJC_ARC = YES;
				CLANG_WARN_BOOL_CONVERSION = YES;
				CLANG_WARN_CONSTANT_CONVERSION = YES;
				CLANG_WARN_DIRECT_OBJC_ISA_USAGE = YES_ERROR;
				CLANG_WARN_EMPTY_BODY = YES;
				CLANG_WARN_ENUM_CONVERSION = YES;
				CLANG_WARN_INT_CONVERSION = YES;
				CLANG_WARN_OBJC_ROOT_CLASS = YES_ERROR;
				CLANG_WARN_UNREACHABLE_CODE = YES;
				CLANG_WARN__DUPLICATE_METHOD_MATCH = YES;
				"CODE_SIGN_IDENTITY[sdk=iphoneos*]" = "iPhone Developer";
				COPY_PHASE_STRIP = NO;
				DEBUG_INFORMATION_FORMAT = dwarf;
				ENABLE_STRICT_OBJC_MSGSEND = YES;
				ENABLE_TESTABILITY = YES;
				GCC_C_LANGUAGE_STANDARD = gnu99;
				GCC_DYNAMIC_NO_PIC = NO;
				GCC_NO_COMMON_BLOCKS = YES;
				GCC_OPTIMIZATION_LEVEL = 0;
				GCC_PREPROCESSOR_DEFINITIONS = (
					"DEBUG=1",
					"$(inherited)",
				);
				GCC_WARN_64_TO_32_BIT_CONVERSION = YES;
				GCC_WARN_ABOUT_RETURN_TYPE = YES_ERROR;
				GCC_WARN_UNDECLARED_SELECTOR = YES;
				GCC_WARN_UNINITIALIZED_AUTOS = YES_AGGRESSIVE;
				GCC_WARN_UNUSED_FUNCTION = YES;
				GCC_WARN_UNUSED_VARIABLE = YES;
				IPHONEOS_DEPLOYMENT_TARGET = 9.3;
				MTL_ENABLE_DEBUG_INFO = YES;
				ONLY_ACTIVE_ARCH = YES;
				SDKROOT = iphoneos;
				SWIFT_OPTIMIZATION_LEVEL = "-Onone";
			};
			name = Debug;
		};
		7D06DE3B1D83BD860043DEEE /* Release */ = {
			isa = XCBuildConfiguration;
			buildSettings = {
				ALWAYS_SEARCH_USER_PATHS = NO;
				CLANG_ANALYZER_NONNULL = YES;
				CLANG_CXX_LANGUAGE_STANDARD = "gnu++0x";
				CLANG_CXX_LIBRARY = "libc++";
				CLANG_ENABLE_MODULES = YES;
				CLANG_ENABLE_OBJC_ARC = YES;
				CLANG_WARN_BOOL_CONVERSION = YES;
				CLANG_WARN_CONSTANT_CONVERSION = YES;
				CLANG_WARN_DIRECT_OBJC_ISA_USAGE = YES_ERROR;
				CLANG_WARN_EMPTY_BODY = YES;
				CLANG_WARN_ENUM_CONVERSION = YES;
				CLANG_WARN_INT_CONVERSION = YES;
				CLANG_WARN_OBJC_ROOT_CLASS = YES_ERROR;
				CLANG_WARN_UNREACHABLE_CODE = YES;
				CLANG_WARN__DUPLICATE_METHOD_MATCH = YES;
				"CODE_SIGN_IDENTITY[sdk=iphoneos*]" = "iPhone Developer";
				COPY_PHASE_STRIP = NO;
				DEBUG_INFORMATION_FORMAT = "dwarf-with-dsym";
				ENABLE_NS_ASSERTIONS = NO;
				ENABLE_STRICT_OBJC_MSGSEND = YES;
				GCC_C_LANGUAGE_STANDARD = gnu99;
				GCC_NO_COMMON_BLOCKS = YES;
				GCC_WARN_64_TO_32_BIT_CONVERSION = YES;
				GCC_WARN_ABOUT_RETURN_TYPE = YES_ERROR;
				GCC_WARN_UNDECLARED_SELECTOR = YES;
				GCC_WARN_UNINITIALIZED_AUTOS = YES_AGGRESSIVE;
				GCC_WARN_UNUSED_FUNCTION = YES;
				GCC_WARN_UNUSED_VARIABLE = YES;
				IPHONEOS_DEPLOYMENT_TARGET = 9.3;
				MTL_ENABLE_DEBUG_INFO = NO;
				SDKROOT = iphoneos;
				VALIDATE_PRODUCT = YES;
			};
			name = Release;
		};
		7D06DE3D1D83BD860043DEEE /* Debug */ = {
			isa = XCBuildConfiguration;
			buildSettings = {
				ASSETCATALOG_COMPILER_APPICON_NAME = AppIcon;
				INFOPLIST_FILE = "Contact Information App/Info.plist";
				LD_RUNPATH_SEARCH_PATHS = "$(inherited) @executable_path/Frameworks";
				PRODUCT_BUNDLE_IDENTIFIER = "kimnguyen.Contact-Information-App";
				PRODUCT_NAME = "$(TARGET_NAME)";
			};
			name = Debug;
		};
		7D06DE3E1D83BD860043DEEE /* Release */ = {
			isa = XCBuildConfiguration;
			buildSettings = {
				ASSETCATALOG_COMPILER_APPICON_NAME = AppIcon;
				INFOPLIST_FILE = "Contact Information App/Info.plist";
				LD_RUNPATH_SEARCH_PATHS = "$(inherited) @executable_path/Frameworks";
				PRODUCT_BUNDLE_IDENTIFIER = "kimnguyen.Contact-Information-App";
				PRODUCT_NAME = "$(TARGET_NAME)";
			};
			name = Release;
		};
/* End XCBuildConfiguration section */

/* Begin XCConfigurationList section */
		7D06DE221D83BD860043DEEE /* Build configuration list for PBXProject "Contact Information App" */ = {
			isa = XCConfigurationList;
			buildConfigurations = (
				7D06DE3A1D83BD860043DEEE /* Debug */,
				7D06DE3B1D83BD860043DEEE /* Release */,
			);
			defaultConfigurationIsVisible = 0;
			defaultConfigurationName = Release;
		};
		7D06DE3C1D83BD860043DEEE /* Build configuration list for PBXNativeTarget "Contact Information App" */ = {
			isa = XCConfigurationList;
			buildConfigurations = (
				7D06DE3D1D83BD860043DEEE /* Debug */,
				7D06DE3E1D83BD860043DEEE /* Release */,
			);
			defaultConfigurationIsVisible = 0;
			defaultConfigurationName = Release;
		};
/* End XCConfigurationList section */

/* Begin XCVersionGroup section */
		7D06DE311D83BD860043DEEE /* Contact_Information_App.xcdatamodeld */ = {
			isa = XCVersionGroup;
			children = (
				7D06DE321D83BD860043DEEE /* Contact_Information_App.xcdatamodel */,
			);
			currentVersion = 7D06DE321D83BD860043DEEE /* Contact_Information_App.xcdatamodel */;
			path = Contact_Information_App.xcdatamodeld;
			sourceTree = "<group>";
			versionGroupType = wrapper.xcdatamodel;
		};
/* End XCVersionGroup section */
	};
	rootObject = 7D06DE1F1D83BD860043DEEE /* Project object */;
}
